
Microsoft Visual Studio Solution File, Format Version 12.00
# Visual Studio Version 16
VisualStudioVersion = 16.0.29025.244
MinimumVisualStudioVersion = 10.0.40219.1
Project("{FAE04EC0-301F-11D3-BF4B-00C04F79EFBC}") = "LandGen", "LandGen.csproj", "{36587CE6-FD96-4603-B9E1-F067948ABD74}"
EndProject
Global
	GlobalSection(SolutionConfigurationPlatforms) = preSolution
		Debug|Any CPU = Debug|Any CPU
		Release|Any CPU = Release|Any CPU
	EndGlobalSection
	GlobalSection(ProjectConfigurationPlatforms) = postSolution
		{36587CE6-FD96-4603-B9E1-F067948ABD74}.Debug|Any CPU.ActiveCfg = Debug|Any CPU
		{36587CE6-FD96-4603-B9E1-F067948ABD74}.Debug|Any CPU.Build.0 = Debug|Any CPU
		{36587CE6-FD96-4603-B9E1-F067948ABD74}.Release|Any CPU.ActiveCfg = Release|Any CPU
		{36587CE6-FD96-4603-B9E1-F067948ABD74}.Release|Any CPU.Build.0 = Release|Any CPU
	EndGlobalSection
	GlobalSection(SolutionProperties) = preSolution
		HideSolutionNode = FALSE
	EndGlobalSection
	GlobalSection(ExtensibilityGlobals) = postSolution
		SolutionGuid = {A348B6F5-7D1E-42A0-A211-A21BED91D657}
	EndGlobalSection
EndGlobal
